
Microsoft Visual Studio Solution File, Format Version 12.00
# Visual Studio 15
VisualStudioVersion = 15.0.28307.329
MinimumVisualStudioVersion = 10.0.40219.1
Project("{FAE04EC0-301F-11D3-BF4B-00C04F79EFBC}") = "portofoliesite3", "portofoliesite3\portofoliesite3.csproj", "{EA80F892-EABE-4649-958E-52021CE0AC6A}"
EndProject
Global
	GlobalSection(SolutionConfigurationPlatforms) = preSolution
		Debug|Any CPU = Debug|Any CPU
		Release|Any CPU = Release|Any CPU
	EndGlobalSection
	GlobalSection(ProjectConfigurationPlatforms) = postSolution
		{EA80F892-EABE-4649-958E-52021CE0AC6A}.Debug|Any CPU.ActiveCfg = Debug|Any CPU
		{EA80F892-EABE-4649-958E-52021CE0AC6A}.Debug|Any CPU.Build.0 = Debug|Any CPU
		{EA80F892-EABE-4649-958E-52021CE0AC6A}.Release|Any CPU.ActiveCfg = Release|Any CPU
		{EA80F892-EABE-4649-958E-52021CE0AC6A}.Release|Any CPU.Build.0 = Release|Any CPU
	EndGlobalSection
	GlobalSection(SolutionProperties) = preSolution
		HideSolutionNode = FALSE
	EndGlobalSection
	GlobalSection(ExtensibilityGlobals) = postSolution
		SolutionGuid = {6FB5D7BB-DE9F-49BD-BBF4-F14C780A6241}
	EndGlobalSection
EndGlobal
